
Microsoft Visual Studio Solution File, Format Version 12.00
# Visual Studio Version 16
VisualStudioVersion = 16.0.32802.440
MinimumVisualStudioVersion = 10.0.40219.1
Project("{FAE04EC0-301F-11D3-BF4B-00C04F79EFBC}") = "QA1XENT", "..\..\..\Documents\R\MB09\Nueva carpeta\QA1AXENT\QA1XENT.csproj", "{C274B653-43D1-4B1B-AC26-8090D7D58F4C}"
EndProject
Project("{FAE04EC0-301F-11D3-BF4B-00C04F79EFBC}") = "QA1XIP9", "..\..\..\Documents\R\MB09\Nueva carpeta\QA1AXIP9\QA1XIP9.csproj", "{4A21DE5D-0814-4902-95FD-7D622A815CC2}"
EndProject
Project("{FAE04EC0-301F-11D3-BF4B-00C04F79EFBC}") = "QA1XOP9", "..\..\..\Documents\R\MB09\Nueva carpeta\QA1AXOP9\QA1XOP9.csproj", "{8E1A58FC-325D-4A82-80CD-B98DFA97E341}"
EndProject
Project("{FAE04EC0-301F-11D3-BF4B-00C04F79EFBC}") = "QA7XCNK", "..\..\..\Documents\R\MB09\Nueva carpeta\QA7AXCNK\QA7XCNK.csproj", "{86622518-3E94-44D4-A268-303C97497249}"
EndProject
Project("{FAE04EC0-301F-11D3-BF4B-00C04F79EFBC}") = "QA7XDSK", "..\..\..\Documents\R\MB09\Nueva carpeta\QA7AXDSK\QA7XDSK.csproj", "{0EACC879-0741-48F5-B737-8E7EE90BBA64}"
EndProject
Project("{FAE04EC0-301F-11D3-BF4B-00C04F79EFBC}") = "QAEXCA", "..\..\..\Documents\R\MB09\Nueva carpeta\QAEAXCA\QAEXCA.csproj", "{E777D112-E619-4CE1-8339-82D369BFB552}"
EndProject
Project("{FAE04EC0-301F-11D3-BF4B-00C04F79EFBC}") = "MB09", "MB09\MB09.csproj", "{CEA4F0E2-6AB4-4B12-AD9C-9BAC3E63010D}"
EndProject
Project("{FAE04EC0-301F-11D3-BF4B-00C04F79EFBC}") = "MB2X0009", "MB2X0009\MB2X0009.csproj", "{1B86F3CF-F1F1-46B6-9480-0A52A99C7CCE}"
EndProject
Project("{FAE04EC0-301F-11D3-BF4B-00C04F79EFBC}") = "MBNE0009", "MBNE0009\MBNE0009.csproj", "{E2DB2E50-2405-4E70-BE0D-340ED27AFEB3}"
EndProject
Global
	GlobalSection(SolutionConfigurationPlatforms) = preSolution
		Debug|Any CPU = Debug|Any CPU
		Debug|x64 = Debug|x64
		Debug|x86 = Debug|x86
		Release|Any CPU = Release|Any CPU
		Release|x64 = Release|x64
		Release|x86 = Release|x86
	EndGlobalSection
	GlobalSection(ProjectConfigurationPlatforms) = postSolution
		{C274B653-43D1-4B1B-AC26-8090D7D58F4C}.Debug|Any CPU.ActiveCfg = Debug|Any CPU
		{C274B653-43D1-4B1B-AC26-8090D7D58F4C}.Debug|Any CPU.Build.0 = Debug|Any CPU
		{C274B653-43D1-4B1B-AC26-8090D7D58F4C}.Debug|x64.ActiveCfg = Debug|x64
		{C274B653-43D1-4B1B-AC26-8090D7D58F4C}.Debug|x64.Build.0 = Debug|x64
		{C274B653-43D1-4B1B-AC26-8090D7D58F4C}.Debug|x86.ActiveCfg = Debug|x86
		{C274B653-43D1-4B1B-AC26-8090D7D58F4C}.Debug|x86.Build.0 = Debug|x86
		{C274B653-43D1-4B1B-AC26-8090D7D58F4C}.Release|Any CPU.ActiveCfg = Release|Any CPU
		{C274B653-43D1-4B1B-AC26-8090D7D58F4C}.Release|Any CPU.Build.0 = Release|Any CPU
		{C274B653-43D1-4B1B-AC26-8090D7D58F4C}.Release|x64.ActiveCfg = Release|x64
		{C274B653-43D1-4B1B-AC26-8090D7D58F4C}.Release|x64.Build.0 = Release|x64
		{C274B653-43D1-4B1B-AC26-8090D7D58F4C}.Release|x86.ActiveCfg = Release|x86
		{C274B653-43D1-4B1B-AC26-8090D7D58F4C}.Release|x86.Build.0 = Release|x86
		{4A21DE5D-0814-4902-95FD-7D622A815CC2}.Debug|Any CPU.ActiveCfg = Debug|Any CPU
		{4A21DE5D-0814-4902-95FD-7D622A815CC2}.Debug|Any CPU.Build.0 = Debug|Any CPU
		{4A21DE5D-0814-4902-95FD-7D622A815CC2}.Debug|x64.ActiveCfg = Debug|x64
		{4A21DE5D-0814-4902-95FD-7D622A815CC2}.Debug|x64.Build.0 = Debug|x64
		{4A21DE5D-0814-4902-95FD-7D622A815CC2}.Debug|x86.ActiveCfg = Debug|x86
		{4A21DE5D-0814-4902-95FD-7D622A815CC2}.Debug|x86.Build.0 = Debug|x86
		{4A21DE5D-0814-4902-95FD-7D622A815CC2}.Release|Any CPU.ActiveCfg = Release|Any CPU
		{4A21DE5D-0814-4902-95FD-7D622A815CC2}.Release|Any CPU.Build.0 = Release|Any CPU
		{4A21DE5D-0814-4902-95FD-7D622A815CC2}.Release|x64.ActiveCfg = Release|x64
		{4A21DE5D-0814-4902-95FD-7D622A815CC2}.Release|x64.Build.0 = Release|x64
		{4A21DE5D-0814-4902-95FD-7D622A815CC2}.Release|x86.ActiveCfg = Release|x86
		{4A21DE5D-0814-4902-95FD-7D622A815CC2}.Release|x86.Build.0 = Release|x86
		{8E1A58FC-325D-4A82-80CD-B98DFA97E341}.Debug|Any CPU.ActiveCfg = Debug|Any CPU
		{8E1A58FC-325D-4A82-80CD-B98DFA97E341}.Debug|Any CPU.Build.0 = Debug|Any CPU
		{8E1A58FC-325D-4A82-80CD-B98DFA97E341}.Debug|x64.ActiveCfg = Debug|x64
		{8E1A58FC-325D-4A82-80CD-B98DFA97E341}.Debug|x64.Build.0 = Debug|x64
		{8E1A58FC-325D-4A82-80CD-B98DFA97E341}.Debug|x86.ActiveCfg = Debug|x86
		{8E1A58FC-325D-4A82-80CD-B98DFA97E341}.Debug|x86.Build.0 = Debug|x86
		{8E1A58FC-325D-4A82-80CD-B98DFA97E341}.Release|Any CPU.ActiveCfg = Release|Any CPU
		{8E1A58FC-325D-4A82-80CD-B98DFA97E341}.Release|Any CPU.Build.0 = Release|Any CPU
		{8E1A58FC-325D-4A82-80CD-B98DFA97E341}.Release|x64.ActiveCfg = Release|x64
		{8E1A58FC-325D-4A82-80CD-B98DFA97E341}.Release|x64.Build.0 = Release|x64
		{8E1A58FC-325D-4A82-80CD-B98DFA97E341}.Release|x86.ActiveCfg = Release|x86
		{8E1A58FC-325D-4A82-80CD-B98DFA97E341}.Release|x86.Build.0 = Release|x86
		{86622518-3E94-44D4-A268-303C97497249}.Debug|Any CPU.ActiveCfg = Debug|Any CPU
		{86622518-3E94-44D4-A268-303C97497249}.Debug|Any CPU.Build.0 = Debug|Any CPU
		{86622518-3E94-44D4-A268-303C97497249}.Debug|x64.ActiveCfg = Debug|x64
		{86622518-3E94-44D4-A268-303C97497249}.Debug|x64.Build.0 = Debug|x64
		{86622518-3E94-44D4-A268-303C97497249}.Debug|x86.ActiveCfg = Debug|x86
		{86622518-3E94-44D4-A268-303C97497249}.Debug|x86.Build.0 = Debug|x86
		{86622518-3E94-44D4-A268-303C97497249}.Release|Any CPU.ActiveCfg = Release|Any CPU
		{86622518-3E94-44D4-A268-303C97497249}.Release|Any CPU.Build.0 = Release|Any CPU
		{86622518-3E94-44D4-A268-303C97497249}.Release|x64.ActiveCfg = Release|x64
		{86622518-3E94-44D4-A268-303C97497249}.Release|x64.Build.0 = Release|x64
		{86622518-3E94-44D4-A268-303C97497249}.Release|x86.ActiveCfg = Release|x86
		{86622518-3E94-44D4-A268-303C97497249}.Release|x86.Build.0 = Release|x86
		{0EACC879-0741-48F5-B737-8E7EE90BBA64}.Debug|Any CPU.ActiveCfg = Debug|Any CPU
		{0EACC879-0741-48F5-B737-8E7EE90BBA64}.Debug|Any CPU.Build.0 = Debug|Any CPU
		{0EACC879-0741-48F5-B737-8E7EE90BBA64}.Debug|x64.ActiveCfg = Debug|x64
		{0EACC879-0741-48F5-B737-8E7EE90BBA64}.Debug|x64.Build.0 = Debug|x64
		{0EACC879-0741-48F5-B737-8E7EE90BBA64}.Debug|x86.ActiveCfg = Debug|x86
		{0EACC879-0741-48F5-B737-8E7EE90BBA64}.Debug|x86.Build.0 = Debug|x86
		{0EACC879-0741-48F5-B737-8E7EE90BBA64}.Release|Any CPU.ActiveCfg = Release|Any CPU
		{0EACC879-0741-48F5-B737-8E7EE90BBA64}.Release|Any CPU.Build.0 = Release|Any CPU
		{0EACC879-0741-48F5-B737-8E7EE90BBA64}.Release|x64.ActiveCfg = Release|x64
		{0EACC879-0741-48F5-B737-8E7EE90BBA64}.Release|x64.Build.0 = Release|x64
		{0EACC879-0741-48F5-B737-8E7EE90BBA64}.Release|x86.ActiveCfg = Release|x86
		{0EACC879-0741-48F5-B737-8E7EE90BBA64}.Release|x86.Build.0 = Release|x86
		{E777D112-E619-4CE1-8339-82D369BFB552}.Debug|Any CPU.ActiveCfg = Debug|Any CPU
		{E777D112-E619-4CE1-8339-82D369BFB552}.Debug|Any CPU.Build.0 = Debug|Any CPU
		{E777D112-E619-4CE1-8339-82D369BFB552}.Debug|x64.ActiveCfg = Debug|x64
		{E777D112-E619-4CE1-8339-82D369BFB552}.Debug|x64.Build.0 = Debug|x64
		{E777D112-E619-4CE1-8339-82D369BFB552}.Debug|x86.ActiveCfg = Debug|x86
		{E777D112-E619-4CE1-8339-82D369BFB552}.Debug|x86.Build.0 = Debug|x86
		{E777D112-E619-4CE1-8339-82D369BFB552}.Release|Any CPU.ActiveCfg = Release|Any CPU
		{E777D112-E619-4CE1-8339-82D369BFB552}.Release|Any CPU.Build.0 = Release|Any CPU
		{E777D112-E619-4CE1-8339-82D369BFB552}.Release|x64.ActiveCfg = Release|x64
		{E777D112-E619-4CE1-8339-82D369BFB552}.Release|x64.Build.0 = Release|x64
		{E777D112-E619-4CE1-8339-82D369BFB552}.Release|x86.ActiveCfg = Release|x86
		{E777D112-E619-4CE1-8339-82D369BFB552}.Release|x86.Build.0 = Release|x86
		{CEA4F0E2-6AB4-4B12-AD9C-9BAC3E63010D}.Debug|Any CPU.ActiveCfg = Debug|Any CPU
		{CEA4F0E2-6AB4-4B12-AD9C-9BAC3E63010D}.Debug|Any CPU.Build.0 = Debug|Any CPU
		{CEA4F0E2-6AB4-4B12-AD9C-9BAC3E63010D}.Debug|x64.ActiveCfg = Debug|Any CPU
		{CEA4F0E2-6AB4-4B12-AD9C-9BAC3E63010D}.Debug|x64.Build.0 = Debug|Any CPU
		{CEA4F0E2-6AB4-4B12-AD9C-9BAC3E63010D}.Debug|x86.ActiveCfg = Debug|x86
		{CEA4F0E2-6AB4-4B12-AD9C-9BAC3E63010D}.Debug|x86.Build.0 = Debug|x86
		{CEA4F0E2-6AB4-4B12-AD9C-9BAC3E63010D}.Release|Any CPU.ActiveCfg = Release|Any CPU
		{CEA4F0E2-6AB4-4B12-AD9C-9BAC3E63010D}.Release|Any CPU.Build.0 = Release|Any CPU
		{CEA4F0E2-6AB4-4B12-AD9C-9BAC3E63010D}.Release|x64.ActiveCfg = Release|Any CPU
		{CEA4F0E2-6AB4-4B12-AD9C-9BAC3E63010D}.Release|x64.Build.0 = Release|Any CPU
		{CEA4F0E2-6AB4-4B12-AD9C-9BAC3E63010D}.Release|x86.ActiveCfg = Release|x86
		{CEA4F0E2-6AB4-4B12-AD9C-9BAC3E63010D}.Release|x86.Build.0 = Release|x86
		{1B86F3CF-F1F1-46B6-9480-0A52A99C7CCE}.Debug|Any CPU.ActiveCfg = Debug|Any CPU
		{1B86F3CF-F1F1-46B6-9480-0A52A99C7CCE}.Debug|Any CPU.Build.0 = Debug|Any CPU
		{1B86F3CF-F1F1-46B6-9480-0A52A99C7CCE}.Debug|x64.ActiveCfg = Debug|Any CPU
		{1B86F3CF-F1F1-46B6-9480-0A52A99C7CCE}.Debug|x64.Build.0 = Debug|Any CPU
		{1B86F3CF-F1F1-46B6-9480-0A52A99C7CCE}.Debug|x86.ActiveCfg = Debug|x86
		{1B86F3CF-F1F1-46B6-9480-0A52A99C7CCE}.Debug|x86.Build.0 = Debug|x86
		{1B86F3CF-F1F1-46B6-9480-0A52A99C7CCE}.Release|Any CPU.ActiveCfg = Release|Any CPU
		{1B86F3CF-F1F1-46B6-9480-0A52A99C7CCE}.Release|Any CPU.Build.0 = Release|Any CPU
		{1B86F3CF-F1F1-46B6-9480-0A52A99C7CCE}.Release|x64.ActiveCfg = Release|Any CPU
		{1B86F3CF-F1F1-46B6-9480-0A52A99C7CCE}.Release|x64.Build.0 = Release|Any CPU
		{1B86F3CF-F1F1-46B6-9480-0A52A99C7CCE}.Release|x86.ActiveCfg = Release|x86
		{1B86F3CF-F1F1-46B6-9480-0A52A99C7CCE}.Release|x86.Build.0 = Release|x86
		{E2DB2E50-2405-4E70-BE0D-340ED27AFEB3}.Debug|Any CPU.ActiveCfg = Debug|Any CPU
		{E2DB2E50-2405-4E70-BE0D-340ED27AFEB3}.Debug|Any CPU.Build.0 = Debug|Any CPU
		{E2DB2E50-2405-4E70-BE0D-340ED27AFEB3}.Debug|x64.ActiveCfg = Debug|Any CPU
		{E2DB2E50-2405-4E70-BE0D-340ED27AFEB3}.Debug|x64.Build.0 = Debug|Any CPU
		{E2DB2E50-2405-4E70-BE0D-340ED27AFEB3}.Debug|x86.ActiveCfg = Debug|Any CPU
		{E2DB2E50-2405-4E70-BE0D-340ED27AFEB3}.Debug|x86.Build.0 = Debug|Any CPU
		{E2DB2E50-2405-4E70-BE0D-340ED27AFEB3}.Release|Any CPU.ActiveCfg = Release|Any CPU
		{E2DB2E50-2405-4E70-BE0D-340ED27AFEB3}.Release|Any CPU.Build.0 = Release|Any CPU
		{E2DB2E50-2405-4E70-BE0D-340ED27AFEB3}.Release|x64.ActiveCfg = Release|Any CPU
		{E2DB2E50-2405-4E70-BE0D-340ED27AFEB3}.Release|x64.Build.0 = Release|Any CPU
		{E2DB2E50-2405-4E70-BE0D-340ED27AFEB3}.Release|x86.ActiveCfg = Release|Any CPU
		{E2DB2E50-2405-4E70-BE0D-340ED27AFEB3}.Release|x86.Build.0 = Release|Any CPU
	EndGlobalSection
	GlobalSection(SolutionProperties) = preSolution
		HideSolutionNode = FALSE
	EndGlobalSection
	GlobalSection(ExtensibilityGlobals) = postSolution
		SolutionGuid = {6CDD9A21-079C-4F0D-BA1C-EE61F27E4BAC}
	EndGlobalSection
EndGlobal
